
Microsoft Visual Studio Solution File, Format Version 12.00
# Visual Studio Version 17
VisualStudioVersion = 17.11.35222.181
MinimumVisualStudioVersion = 10.0.40219.1
Project("{8BC9CEB8-8B4A-11D0-8D11-00A0C91BC942}") = "LB.5.5", "LB.5.5.vcxproj", "{17178F3B-B94F-43F5-A7DD-75A6987B79E7}"
EndProject
Project("{8BC9CEB8-8B4A-11D0-8D11-00A0C91BC942}") = "UnitTest5.5", "..\UnitTest5.5\UnitTest5.5.vcxproj", "{AD86035F-A715-4B6B-9844-69B0BF410BE7}"
EndProject
Global
	GlobalSection(SolutionConfigurationPlatforms) = preSolution
		Debug|x64 = Debug|x64
		Debug|x86 = Debug|x86
		Release|x64 = Release|x64
		Release|x86 = Release|x86
	EndGlobalSection
	GlobalSection(ProjectConfigurationPlatforms) = postSolution
		{17178F3B-B94F-43F5-A7DD-75A6987B79E7}.Debug|x64.ActiveCfg = Debug|x64
		{17178F3B-B94F-43F5-A7DD-75A6987B79E7}.Debug|x64.Build.0 = Debug|x64
		{17178F3B-B94F-43F5-A7DD-75A6987B79E7}.Debug|x86.ActiveCfg = Debug|Win32
		{17178F3B-B94F-43F5-A7DD-75A6987B79E7}.Debug|x86.Build.0 = Debug|Win32
		{17178F3B-B94F-43F5-A7DD-75A6987B79E7}.Release|x64.ActiveCfg = Release|x64
		{17178F3B-B94F-43F5-A7DD-75A6987B79E7}.Release|x64.Build.0 = Release|x64
		{17178F3B-B94F-43F5-A7DD-75A6987B79E7}.Release|x86.ActiveCfg = Release|Win32
		{17178F3B-B94F-43F5-A7DD-75A6987B79E7}.Release|x86.Build.0 = Release|Win32
		{AD86035F-A715-4B6B-9844-69B0BF410BE7}.Debug|x64.ActiveCfg = Debug|x64
		{AD86035F-A715-4B6B-9844-69B0BF410BE7}.Debug|x64.Build.0 = Debug|x64
		{AD86035F-A715-4B6B-9844-69B0BF410BE7}.Debug|x86.ActiveCfg = Debug|Win32
		{AD86035F-A715-4B6B-9844-69B0BF410BE7}.Debug|x86.Build.0 = Debug|Win32
		{AD86035F-A715-4B6B-9844-69B0BF410BE7}.Release|x64.ActiveCfg = Release|x64
		{AD86035F-A715-4B6B-9844-69B0BF410BE7}.Release|x64.Build.0 = Release|x64
		{AD86035F-A715-4B6B-9844-69B0BF410BE7}.Release|x86.ActiveCfg = Release|Win32
		{AD86035F-A715-4B6B-9844-69B0BF410BE7}.Release|x86.Build.0 = Release|Win32
	EndGlobalSection
	GlobalSection(SolutionProperties) = preSolution
		HideSolutionNode = FALSE
	EndGlobalSection
	GlobalSection(ExtensibilityGlobals) = postSolution
		SolutionGuid = {799D70AA-C851-4C39-9725-F5088AF7902D}
	EndGlobalSection
EndGlobal
